
Microsoft Visual Studio Solution File, Format Version 12.00
# Visual Studio Version 16
VisualStudioVersion = 16.0.31829.152
MinimumVisualStudioVersion = 10.0.40219.1
Project("{8BC9CEB8-8B4A-11D0-8D11-00A0C91BC942}") = "211126while", "211126while.vcxproj", "{AB6EAC22-AF9F-4D5A-A11E-28BDC5A3CBE0}"
EndProject
Global
	GlobalSection(SolutionConfigurationPlatforms) = preSolution
		Debug|x64 = Debug|x64
		Debug|x86 = Debug|x86
		Release|x64 = Release|x64
		Release|x86 = Release|x86
	EndGlobalSection
	GlobalSection(ProjectConfigurationPlatforms) = postSolution
		{AB6EAC22-AF9F-4D5A-A11E-28BDC5A3CBE0}.Debug|x64.ActiveCfg = Debug|x64
		{AB6EAC22-AF9F-4D5A-A11E-28BDC5A3CBE0}.Debug|x64.Build.0 = Debug|x64
		{AB6EAC22-AF9F-4D5A-A11E-28BDC5A3CBE0}.Debug|x86.ActiveCfg = Debug|Win32
		{AB6EAC22-AF9F-4D5A-A11E-28BDC5A3CBE0}.Debug|x86.Build.0 = Debug|Win32
		{AB6EAC22-AF9F-4D5A-A11E-28BDC5A3CBE0}.Release|x64.ActiveCfg = Release|x64
		{AB6EAC22-AF9F-4D5A-A11E-28BDC5A3CBE0}.Release|x64.Build.0 = Release|x64
		{AB6EAC22-AF9F-4D5A-A11E-28BDC5A3CBE0}.Release|x86.ActiveCfg = Release|Win32
		{AB6EAC22-AF9F-4D5A-A11E-28BDC5A3CBE0}.Release|x86.Build.0 = Release|Win32
	EndGlobalSection
	GlobalSection(SolutionProperties) = preSolution
		HideSolutionNode = FALSE
	EndGlobalSection
	GlobalSection(ExtensibilityGlobals) = postSolution
		SolutionGuid = {D5600D18-31F2-4CA7-B4DC-B552EC7CCC21}
	EndGlobalSection
EndGlobal
